
Microsoft Visual Studio Solution File, Format Version 12.00
# Visual Studio Version 16
VisualStudioVersion = 16.0.30128.74
MinimumVisualStudioVersion = 15.0.26124.0
Project("{9A19103F-16F7-4668-BE54-9A1E7A4F7556}") = "Plinq1", "Plinq1\Plinq1.csproj", "{6E7FDAC6-1828-43DD-9738-72A90C8BA09F}"
EndProject
Global
	GlobalSection(SolutionConfigurationPlatforms) = preSolution
		Debug|Any CPU = Debug|Any CPU
		Release|Any CPU = Release|Any CPU
	EndGlobalSection
	GlobalSection(ProjectConfigurationPlatforms) = postSolution
		{6E7FDAC6-1828-43DD-9738-72A90C8BA09F}.Debug|Any CPU.ActiveCfg = Debug|Any CPU
		{6E7FDAC6-1828-43DD-9738-72A90C8BA09F}.Debug|Any CPU.Build.0 = Debug|Any CPU
		{6E7FDAC6-1828-43DD-9738-72A90C8BA09F}.Release|Any CPU.ActiveCfg = Release|Any CPU
		{6E7FDAC6-1828-43DD-9738-72A90C8BA09F}.Release|Any CPU.Build.0 = Release|Any CPU
	EndGlobalSection
	GlobalSection(SolutionProperties) = preSolution
		HideSolutionNode = FALSE
	EndGlobalSection
	GlobalSection(ExtensibilityGlobals) = postSolution
		SolutionGuid = {F7BD5C11-F9C8-4435-9921-64133376E91D}
	EndGlobalSection
EndGlobal
